Microsoft Visual Studio Solution File, Format Version 12.00
# Visual Studio Version 16
VisualStudioVersion = 16.0.0.0
MinimumVisualStudioVersion = 16.0.0.0
Project("{9A19103F-16F7-4668-BE54-9A1E7A4F7556}") = "PokeFaces", "PokeFaces\PokeFaces.csproj", "{BF428E1A-64F5-40A8-B653-2CE663A7337E}"
EndProject
Project("{9A19103F-16F7-4668-BE54-9A1E7A4F7556}") = "PokeFaces.Client", "PokeFaces.Client\PokeFaces.Client.csproj", "{1CF57B99-0B58-4698-97B9-A6BD32F690F8}"
EndProject
Global
	GlobalSection(SolutionConfigurationPlatforms) = preSolution
		Debug|Any CPU = Debug|Any CPU
		Debug|x64 = Debug|x64
		Debug|x86 = Debug|x86
		Release|Any CPU = Release|Any CPU
		Release|x64 = Release|x64
		Release|x86 = Release|x86
	EndGlobalSection
	GlobalSection(ProjectConfigurationPlatforms) = postSolution
		{1CF57B99-0B58-4698-97B9-A6BD32F690F8}.Debug|Any CPU.ActiveCfg = Debug|Any CPU
		{1CF57B99-0B58-4698-97B9-A6BD32F690F8}.Debug|Any CPU.Build.0 = Debug|Any CPU
		{1CF57B99-0B58-4698-97B9-A6BD32F690F8}.Debug|x64.ActiveCfg = Debug|Any CPU
		{1CF57B99-0B58-4698-97B9-A6BD32F690F8}.Debug|x64.Build.0 = Debug|Any CPU
		{1CF57B99-0B58-4698-97B9-A6BD32F690F8}.Debug|x86.ActiveCfg = Debug|Any CPU
		{1CF57B99-0B58-4698-97B9-A6BD32F690F8}.Debug|x86.Build.0 = Debug|Any CPU
		{1CF57B99-0B58-4698-97B9-A6BD32F690F8}.Release|Any CPU.ActiveCfg = Release|Any CPU
		{1CF57B99-0B58-4698-97B9-A6BD32F690F8}.Release|Any CPU.Build.0 = Release|Any CPU
		{1CF57B99-0B58-4698-97B9-A6BD32F690F8}.Release|x64.ActiveCfg = Release|Any CPU
		{1CF57B99-0B58-4698-97B9-A6BD32F690F8}.Release|x64.Build.0 = Release|Any CPU
		{1CF57B99-0B58-4698-97B9-A6BD32F690F8}.Release|x86.ActiveCfg = Release|Any CPU
		{1CF57B99-0B58-4698-97B9-A6BD32F690F8}.Release|x86.Build.0 = Release|Any CPU
		{BF428E1A-64F5-40A8-B653-2CE663A7337E}.Debug|Any CPU.ActiveCfg = Debug|Any CPU
		{BF428E1A-64F5-40A8-B653-2CE663A7337E}.Debug|Any CPU.Build.0 = Debug|Any CPU
		{BF428E1A-64F5-40A8-B653-2CE663A7337E}.Debug|x64.ActiveCfg = Debug|Any CPU
		{BF428E1A-64F5-40A8-B653-2CE663A7337E}.Debug|x64.Build.0 = Debug|Any CPU
		{BF428E1A-64F5-40A8-B653-2CE663A7337E}.Debug|x86.ActiveCfg = Debug|Any CPU
		{BF428E1A-64F5-40A8-B653-2CE663A7337E}.Debug|x86.Build.0 = Debug|Any CPU
		{BF428E1A-64F5-40A8-B653-2CE663A7337E}.Release|Any CPU.ActiveCfg = Release|Any CPU
		{BF428E1A-64F5-40A8-B653-2CE663A7337E}.Release|Any CPU.Build.0 = Release|Any CPU
		{BF428E1A-64F5-40A8-B653-2CE663A7337E}.Release|x64.ActiveCfg = Release|Any CPU
		{BF428E1A-64F5-40A8-B653-2CE663A7337E}.Release|x64.Build.0 = Release|Any CPU
		{BF428E1A-64F5-40A8-B653-2CE663A7337E}.Release|x86.ActiveCfg = Release|Any CPU
		{BF428E1A-64F5-40A8-B653-2CE663A7337E}.Release|x86.Build.0 = Release|Any CPU
	EndGlobalSection
	GlobalSection(SolutionProperties) = preSolution
		HideSolutionNode = FALSE
	EndGlobalSection
	GlobalSection(ExtensibilityGlobals) = postSolution
		SolutionGuid = {B9DBFCEB-7142-4AE1-B416-816E06F8B505}
	EndGlobalSection
EndGlobal
